
Microsoft Visual Studio Solution File, Format Version 12.00
Project("{FAE04EC0-301F-11D3-BF4B-00C04F79EFBC}") = "ASP.Net_Core_RazorPages-Learn", "ASP.Net_Core_RazorPages-Learn.csproj", "{70C66BB2-8424-409C-9EDA-2F7A9F1E4DA1}"
EndProject
Global
	GlobalSection(SolutionConfigurationPlatforms) = preSolution
		Debug|Any CPU = Debug|Any CPU
		Release|Any CPU = Release|Any CPU
	EndGlobalSection
	GlobalSection(ProjectConfigurationPlatforms) = postSolution
		{70C66BB2-8424-409C-9EDA-2F7A9F1E4DA1}.Debug|Any CPU.ActiveCfg = Debug|Any CPU
		{70C66BB2-8424-409C-9EDA-2F7A9F1E4DA1}.Debug|Any CPU.Build.0 = Debug|Any CPU
		{70C66BB2-8424-409C-9EDA-2F7A9F1E4DA1}.Release|Any CPU.ActiveCfg = Release|Any CPU
		{70C66BB2-8424-409C-9EDA-2F7A9F1E4DA1}.Release|Any CPU.Build.0 = Release|Any CPU
	EndGlobalSection
EndGlobal
